
Microsoft Visual Studio Solution File, Format Version 12.00
# Visual Studio 15
VisualStudioVersion = 15.0.28307.106
MinimumVisualStudioVersion = 10.0.40219.1
Project("{FAE04EC0-301F-11D3-BF4B-00C04F79EFBC}") = "Translator", "Translator\Translator.csproj", "{5CACDC3D-4C6B-4BEC-A564-5C68815BBDEA}"
EndProject
Global
	GlobalSection(SolutionConfigurationPlatforms) = preSolution
		Debug|Any CPU = Debug|Any CPU
		Release|Any CPU = Release|Any CPU
	EndGlobalSection
	GlobalSection(ProjectConfigurationPlatforms) = postSolution
		{5CACDC3D-4C6B-4BEC-A564-5C68815BBDEA}.Debug|Any CPU.ActiveCfg = Debug|Any CPU
		{5CACDC3D-4C6B-4BEC-A564-5C68815BBDEA}.Debug|Any CPU.Build.0 = Debug|Any CPU
		{5CACDC3D-4C6B-4BEC-A564-5C68815BBDEA}.Release|Any CPU.ActiveCfg = Release|Any CPU
		{5CACDC3D-4C6B-4BEC-A564-5C68815BBDEA}.Release|Any CPU.Build.0 = Release|Any CPU
	EndGlobalSection
	GlobalSection(SolutionProperties) = preSolution
		HideSolutionNode = FALSE
	EndGlobalSection
	GlobalSection(ExtensibilityGlobals) = postSolution
		SolutionGuid = {5EB8BF12-EB78-4EA9-A506-D1483C113018}
	EndGlobalSection
EndGlobal
